
Microsoft Visual Studio Solution File, Format Version 12.00
# Visual Studio Version 17
VisualStudioVersion = 17.5.002.0
MinimumVisualStudioVersion = 10.0.40219.1
Project("{9A19103F-16F7-4668-BE54-9A1E7A4F7556}") = "StreamingDB", "StreamingDB.csproj", "{8AC2F6B0-BD12-4053-982F-9439211DA2D9}"
EndProject
Global
	GlobalSection(SolutionConfigurationPlatforms) = preSolution
		Debug|Any CPU = Debug|Any CPU
		Release|Any CPU = Release|Any CPU
	EndGlobalSection
	GlobalSection(ProjectConfigurationPlatforms) = postSolution
		{8AC2F6B0-BD12-4053-982F-9439211DA2D9}.Debug|Any CPU.ActiveCfg = Debug|Any CPU
		{8AC2F6B0-BD12-4053-982F-9439211DA2D9}.Debug|Any CPU.Build.0 = Debug|Any CPU
		{8AC2F6B0-BD12-4053-982F-9439211DA2D9}.Release|Any CPU.ActiveCfg = Release|Any CPU
		{8AC2F6B0-BD12-4053-982F-9439211DA2D9}.Release|Any CPU.Build.0 = Release|Any CPU
	EndGlobalSection
	GlobalSection(SolutionProperties) = preSolution
		HideSolutionNode = FALSE
	EndGlobalSection
	GlobalSection(ExtensibilityGlobals) = postSolution
		SolutionGuid = {1F109332-30EA-4C47-9F37-3502589C47A1}
	EndGlobalSection
EndGlobal
